
Microsoft Visual Studio Solution File, Format Version 12.00
# Visual Studio Version 17
VisualStudioVersion = 17.6.33717.318
MinimumVisualStudioVersion = 10.0.40219.1
Project("{8BC9CEB8-8B4A-11D0-8D11-00A0C91BC942}") = "Game", "Game\Game.vcxproj", "{0407B4C7-774F-430D-8524-27D624BD448D}"
EndProject
Project("{8BC9CEB8-8B4A-11D0-8D11-00A0C91BC942}") = "Core", "Core\Core.vcxproj", "{ED3AC390-F2D7-4BD7-A936-F29294AD2992}"
EndProject
Global
	GlobalSection(SolutionConfigurationPlatforms) = preSolution
		Debug|x64 = Debug|x64
		Debug|x86 = Debug|x86
		Release|x64 = Release|x64
		Release|x86 = Release|x86
	EndGlobalSection
	GlobalSection(ProjectConfigurationPlatforms) = postSolution
		{0407B4C7-774F-430D-8524-27D624BD448D}.Debug|x64.ActiveCfg = Debug|x64
		{0407B4C7-774F-430D-8524-27D624BD448D}.Debug|x64.Build.0 = Debug|x64
		{0407B4C7-774F-430D-8524-27D624BD448D}.Debug|x86.ActiveCfg = Debug|Win32
		{0407B4C7-774F-430D-8524-27D624BD448D}.Debug|x86.Build.0 = Debug|Win32
		{0407B4C7-774F-430D-8524-27D624BD448D}.Release|x64.ActiveCfg = Release|x64
		{0407B4C7-774F-430D-8524-27D624BD448D}.Release|x64.Build.0 = Release|x64
		{0407B4C7-774F-430D-8524-27D624BD448D}.Release|x86.ActiveCfg = Release|Win32
		{0407B4C7-774F-430D-8524-27D624BD448D}.Release|x86.Build.0 = Release|Win32
		{ED3AC390-F2D7-4BD7-A936-F29294AD2992}.Debug|x64.ActiveCfg = Debug|x64
		{ED3AC390-F2D7-4BD7-A936-F29294AD2992}.Debug|x64.Build.0 = Debug|x64
		{ED3AC390-F2D7-4BD7-A936-F29294AD2992}.Debug|x86.ActiveCfg = Debug|Win32
		{ED3AC390-F2D7-4BD7-A936-F29294AD2992}.Debug|x86.Build.0 = Debug|Win32
		{ED3AC390-F2D7-4BD7-A936-F29294AD2992}.Release|x64.ActiveCfg = Release|x64
		{ED3AC390-F2D7-4BD7-A936-F29294AD2992}.Release|x64.Build.0 = Release|x64
		{ED3AC390-F2D7-4BD7-A936-F29294AD2992}.Release|x86.ActiveCfg = Release|Win32
		{ED3AC390-F2D7-4BD7-A936-F29294AD2992}.Release|x86.Build.0 = Release|Win32
	EndGlobalSection
	GlobalSection(SolutionProperties) = preSolution
		HideSolutionNode = FALSE
	EndGlobalSection
	GlobalSection(ExtensibilityGlobals) = postSolution
		SolutionGuid = {0056A11B-4EB9-4008-8CB3-558526C0976F}
	EndGlobalSection
EndGlobal
