<?xml version="1.0" encoding="utf-8"?>
<Project ToolsVersion="4.0" xmlns="http://schemas.microsoft.com/developer/msbuild/2003">
  <ItemGroup>
    <Filter Include="Source Files">
      <UniqueIdentifier>{4FC737F1-C7A5-4376-A066-2A32D752A2FF}</UniqueIdentifier>
      <Extensions>cpp;c;cc;cxx;c++;cppm;ixx;def;odl;idl;hpj;bat;asm;asmx</Extensions>
    </Filter>
    <Filter Include="Header Files">
      <UniqueIdentifier>{93995380-89BD-4b04-88EB-625FBE52EBFB}</UniqueIdentifier>
      <Extensions>h;hh;hpp;hxx;h++;hm;inl;inc;ipp;xsd</Extensions>
    </Filter>
    <Filter Include="Resource Files">
      <UniqueIdentifier>{67DA6AB6-F800-4c08-8B7A-83BB121AAD01}</UniqueIdentifier>
      <Extensions>rc;ico;cur;bmp;dlg;rc2;rct;bin;rgs;gif;jpg;jpeg;jpe;resx;tiff;tif;png;wav;mfcribbon-ms</Extensions>
    </Filter>
  </ItemGroup>
  <ItemGroup>
    <ClCompile Include="src\components\Animation\Animation.cpp">
      <Filter>Source Files</Filter>
    </ClCompile>
    <ClCompile Include="src\components\Animation\Animations.cpp">
      <Filter>Source Files</Filter>
    </ClCompile>
    <ClCompile Include="src\components\Collision\Collision.cpp">
      <Filter>Source Files</Filter>
    </ClCompile>
    <ClCompile Include="src\components\KeyboardHandler\SampleKeyEventHandler.cpp">
      <Filter>Source Files</Filter>
    </ClCompile>
    <ClCompile Include="src\components\Sprite\Sprite.cpp">
      <Filter>Source Files</Filter>
    </ClCompile>
    <ClCompile Include="src\components\Sprite\Sprites.cpp">
      <Filter>Source Files</Filter>
    </ClCompile>
    <ClCompile Include="src\components\Texture\Textures.cpp">
      <Filter>Source Files</Filter>
    </ClCompile>
    <ClCompile Include="src\objects\materials\Brick.cpp">
      <Filter>Source Files</Filter>
    </ClCompile>
    <ClCompile Include="src\objects\items\Coin.cpp">
      <Filter>Source Files</Filter>
    </ClCompile>
    <ClCompile Include="src\objects\monsters\Goomba.cpp">
      <Filter>Source Files</Filter>
    </ClCompile>
    <ClCompile Include="src\objects\Mario.cpp">
      <Filter>Source Files</Filter>
    </ClCompile>
    <ClCompile Include="src\objects\Platform.cpp">
      <Filter>Source Files</Filter>
    </ClCompile>
    <ClCompile Include="src\objects\materials\Portal.cpp">
      <Filter>Source Files</Filter>
    </ClCompile>
    <ClCompile Include="src\scenes\PlayScene.cpp">
      <Filter>Source Files</Filter>
    </ClCompile>
    <ClCompile Include="src\utils\utils.cpp">
      <Filter>Source Files</Filter>
    </ClCompile>
    <ClCompile Include="src\debug.cpp">
      <Filter>Source Files</Filter>
    </ClCompile>
    <ClCompile Include="src\Game.cpp">
      <Filter>Source Files</Filter>
    </ClCompile>
    <ClCompile Include="main.cpp">
      <Filter>Source Files</Filter>
    </ClCompile>
    <ClCompile Include="src\scenes\LevelMapScene.cpp">
      <Filter>Source Files</Filter>
    </ClCompile>
    <ClCompile Include="src\objects\materials\Pipe.cpp">
      <Filter>Source Files</Filter>
    </ClCompile>
    <ClCompile Include="src\objects\monsters\plants\PlantShooter.cpp">
      <Filter>Source Files</Filter>
    </ClCompile>
    <ClCompile Include="src\objects\materials\Door.cpp">
      <Filter>Source Files</Filter>
    </ClCompile>
    <ClCompile Include="src\GameData.cpp">
      <Filter>Source Files</Filter>
    </ClCompile>
    <ClCompile Include="src\objects\materials\Grass.cpp">
      <Filter>Source Files</Filter>
    </ClCompile>
    <ClCompile Include="src\objects\materials\QuestionBrick.cpp">
      <Filter>Source Files</Filter>
    </ClCompile>
    <ClCompile Include="src\objects\items\Mushroom.cpp">
      <Filter>Source Files</Filter>
    </ClCompile>
    <ClCompile Include="src\objects\items\Bullet.cpp">
      <Filter>Source Files</Filter>
    </ClCompile>
    <ClCompile Include="src\objects\monsters\Koopa.cpp">
      <Filter>Source Files</Filter>
    </ClCompile>
    <ClCompile Include="src\objects\monsters\Monster.cpp">
      <Filter>Source Files</Filter>
    </ClCompile>
    <ClCompile Include="src\objects\items\Item.cpp">
      <Filter>Source Files</Filter>
    </ClCompile>
    <ClCompile Include="src\objects\items\Leaf.cpp">
      <Filter>Source Files</Filter>
    </ClCompile>
    <ClCompile Include="src\objects\monsters\WindGoomba.cpp">
      <Filter>Source Files</Filter>
    </ClCompile>
    <ClCompile Include="src\objects\GameObject.cpp">
      <Filter>Source Files</Filter>
    </ClCompile>
    <ClCompile Include="src\objects\monsters\plants\CarnivorousPlant.cpp">
      <Filter>Source Files</Filter>
    </ClCompile>
    <ClCompile Include="src\objects\monsters\plants\Plant.cpp">
      <Filter>Source Files</Filter>
    </ClCompile>
  </ItemGroup>
  <ItemGroup>
    <ClInclude Include="src\components\Animation\Animation.h">
      <Filter>Header Files</Filter>
    </ClInclude>
    <ClInclude Include="src\components\Animation\AnimationFrame.h">
      <Filter>Header Files</Filter>
    </ClInclude>
    <ClInclude Include="src\components\Animation\Animations.h">
      <Filter>Header Files</Filter>
    </ClInclude>
    <ClInclude Include="src\components\Collision\Collision.h">
      <Filter>Header Files</Filter>
    </ClInclude>
    <ClInclude Include="src\components\KeyboardHandler\KeyEventHandler.h">
      <Filter>Header Files</Filter>
    </ClInclude>
    <ClInclude Include="src\components\KeyboardHandler\SampleKeyEventHandler.h">
      <Filter>Header Files</Filter>
    </ClInclude>
    <ClInclude Include="src\components\Scene\Scene.h">
      <Filter>Header Files</Filter>
    </ClInclude>
    <ClInclude Include="src\components\Sprite\Sprite.h">
      <Filter>Header Files</Filter>
    </ClInclude>
    <ClInclude Include="src\components\Sprite\Sprites.h">
      <Filter>Header Files</Filter>
    </ClInclude>
    <ClInclude Include="src\components\Texture\Texture.h">
      <Filter>Header Files</Filter>
    </ClInclude>
    <ClInclude Include="src\components\Texture\Textures.h">
      <Filter>Header Files</Filter>
    </ClInclude>
    <ClInclude Include="src\configs\id.h">
      <Filter>Header Files</Filter>
    </ClInclude>
    <ClInclude Include="src\objects\materials\Brick.h">
      <Filter>Header Files</Filter>
    </ClInclude>
    <ClInclude Include="src\objects\items\Coin.h">
      <Filter>Header Files</Filter>
    </ClInclude>
    <ClInclude Include="src\objects\GameObject.h">
      <Filter>Header Files</Filter>
    </ClInclude>
    <ClInclude Include="src\objects\monsters\Goomba.h">
      <Filter>Header Files</Filter>
    </ClInclude>
    <ClInclude Include="src\objects\Mario.h">
      <Filter>Header Files</Filter>
    </ClInclude>
    <ClInclude Include="src\objects\Platform.h">
      <Filter>Header Files</Filter>
    </ClInclude>
    <ClInclude Include="src\objects\materials\Portal.h">
      <Filter>Header Files</Filter>
    </ClInclude>
    <ClInclude Include="src\scenes\PlayScene.h">
      <Filter>Header Files</Filter>
    </ClInclude>
    <ClInclude Include="src\utils\utils.h">
      <Filter>Header Files</Filter>
    </ClInclude>
    <ClInclude Include="src\debug.h">
      <Filter>Header Files</Filter>
    </ClInclude>
    <ClInclude Include="src\Game.h">
      <Filter>Header Files</Filter>
    </ClInclude>
    <ClInclude Include="src\configs\AssetIDs.h">
      <Filter>Header Files</Filter>
    </ClInclude>
    <ClInclude Include="src\configs\Mario.h">
      <Filter>Header Files</Filter>
    </ClInclude>
    <ClInclude Include="src\scenes\LevelMapScene.h">
      <Filter>Header Files</Filter>
    </ClInclude>
    <ClInclude Include="src\objects\materials\Pipe.h">
      <Filter>Header Files</Filter>
    </ClInclude>
    <ClInclude Include="src\configs\materials\Pipe10100.h">
      <Filter>Header Files</Filter>
    </ClInclude>
    <ClInclude Include="src\objects\monsters\plants\PlantShooter.h">
      <Filter>Header Files</Filter>
    </ClInclude>
    <ClInclude Include="src\objects\materials\Door.h">
      <Filter>Header Files</Filter>
    </ClInclude>
    <ClInclude Include="src\configs\materials\Door.h">
      <Filter>Header Files</Filter>
    </ClInclude>
    <ClInclude Include="src\GameData.h">
      <Filter>Header Files</Filter>
    </ClInclude>
    <ClInclude Include="src\configs\GameData.h">
      <Filter>Header Files</Filter>
    </ClInclude>
    <ClInclude Include="src\configs\core\Texture.h">
      <Filter>Header Files</Filter>
    </ClInclude>
    <ClInclude Include="src\configs\core\ObjectTypes.h">
      <Filter>Header Files</Filter>
    </ClInclude>
    <ClInclude Include="src\objects\materials\Grass.h">
      <Filter>Header Files</Filter>
    </ClInclude>
    <ClInclude Include="src\configs\materials\Grass.h">
      <Filter>Header Files</Filter>
    </ClInclude>
    <ClInclude Include="src\configs\GameObject.h">
      <Filter>Header Files</Filter>
    </ClInclude>
    <ClInclude Include="src\configs\Game.h">
      <Filter>Header Files</Filter>
    </ClInclude>
    <ClInclude Include="src\configs\materials\Brick.h">
      <Filter>Header Files</Filter>
    </ClInclude>
    <ClInclude Include="src\objects\materials\QuestionBrick.h">
      <Filter>Header Files</Filter>
    </ClInclude>
    <ClInclude Include="src\configs\materials\QuestionBrick100000.h">
      <Filter>Header Files</Filter>
    </ClInclude>
    <ClInclude Include="src\objects\items\Leaf.h">
      <Filter>Header Files</Filter>
    </ClInclude>
    <ClInclude Include="src\objects\items\Mushroom.h">
      <Filter>Header Files</Filter>
    </ClInclude>
    <ClInclude Include="src\configs\items\Mushroom301000.h">
      <Filter>Header Files</Filter>
    </ClInclude>
    <ClInclude Include="src\configs\core\SceneIds.h">
      <Filter>Header Files</Filter>
    </ClInclude>
    <ClInclude Include="src\configs\All.h">
      <Filter>Header Files</Filter>
    </ClInclude>
    <ClInclude Include="src\configs\monsters\Gommba600000.h">
      <Filter>Header Files</Filter>
    </ClInclude>
    <ClInclude Include="src\objects\items\Bullet.h">
      <Filter>Header Files</Filter>
    </ClInclude>
    <ClInclude Include="src\objects\monsters\Koopa.h">
      <Filter>Header Files</Filter>
    </ClInclude>
    <ClInclude Include="src\objects\monsters\Monster.h">
      <Filter>Header Files</Filter>
    </ClInclude>
    <ClInclude Include="src\configs\monsters\Koopa601000.h">
      <Filter>Header Files</Filter>
    </ClInclude>
    <ClInclude Include="src\configs\monsters\Monster.h">
      <Filter>Header Files</Filter>
    </ClInclude>
    <ClInclude Include="src\configs\items\Coin300000.h">
      <Filter>Header Files</Filter>
    </ClInclude>
    <ClInclude Include="src\configs\monsters\All.h">
      <Filter>Header Files</Filter>
    </ClInclude>
    <ClInclude Include="src\configs\materials\All.h">
      <Filter>Header Files</Filter>
    </ClInclude>
    <ClInclude Include="src\configs\items\All.h">
      <Filter>Header Files</Filter>
    </ClInclude>
    <ClInclude Include="src\objects\items\Item.h">
      <Filter>Header Files</Filter>
    </ClInclude>
    <ClInclude Include="src\configs\monsters\PlantShooter602000.h">
      <Filter>Header Files</Filter>
    </ClInclude>
    <ClInclude Include="src\configs\items\Bullet302000.h">
      <Filter>Header Files</Filter>
    </ClInclude>
    <ClInclude Include="src\configs\items\Leaf303000.h">
      <Filter>Header Files</Filter>
    </ClInclude>
    <ClInclude Include="src\objects\monsters\WindGoomba.h">
      <Filter>Header Files</Filter>
    </ClInclude>
    <ClInclude Include="src\objects\monsters\plants\CarnivorousPlant.h">
      <Filter>Header Files</Filter>
    </ClInclude>
    <ClInclude Include="src\configs\monsters\CarnivorousPlant603000.h">
      <Filter>Header Files</Filter>
    </ClInclude>
    <ClInclude Include="src\objects\monsters\plants\Plant.h">
      <Filter>Header Files</Filter>
    </ClInclude>
    <ClInclude Include="src\configs\monsters\Plant.h">
      <Filter>Header Files</Filter>
    </ClInclude>
  </ItemGroup>
  <ItemGroup>
    <None Include="packages.config" />
  </ItemGroup>
  <ItemGroup>
    <Text Include="src\settings\objects\materials\brick.txt" />
    <Text Include="src\settings\objects\materials\cloud.txt" />
    <Text Include="src\settings\objects\items\coin.txt" />
    <Text Include="src\settings\objects\monsters\goomba.txt" />
    <Text Include="src\settings\game-mario.txt" />
    <Text Include="src\settings\objects\mario.txt" />
    <Text Include="src\settings\scenes\scene01.txt" />
    <Text Include="src\settings\scenes\scene02.txt" />
    <Text Include="src\settings\scenes\scene05.txt" />
    <Text Include="src\settings\objects\materials\door.txt" />
    <Text Include="src\settings\scenes\levelmap.txt" />
    <Text Include="src\settings\objects\materials\grass.txt" />
    <Text Include="src\settings\objects\materials\question_brick.txt" />
    <Text Include="src\settings\objects\materials\pipe.txt" />
    <Text Include="src\settings\objects\monsters\koopa.txt" />
    <Text Include="src\settings\objects\items\mushroom.txt" />
    <Text Include="src\settings\objects\monsters\plant_shooter.txt" />
    <Text Include="src\settings\objects\items\bullet.txt" />
    <Text Include="src\settings\objects\platform.txt" />
    <Text Include="src\settings\objects\items\leaf.txt" />
    <Text Include="src\settings\objects\monsters\carnivorous_plant.txt" />
  </ItemGroup>
  <ItemGroup>
    <Image Include="src\assets\textures\misc_left.png">
      <Filter>Resource Files</Filter>
    </Image>
  </ItemGroup>
</Project>